{
  "name": "portfolio",
  "version": "1.0.0",
  "lockfileVersion": 1,
  "requires": true,
  "dependencies": {
    "pts": {
      "version": "0.9.4",
      "resolved": "https://registry.npmjs.org/pts/-/pts-0.9.4.tgz",
      "integrity": "sha512-cVQY4hLDkhMGCH4yVkALU5fXFN8RORndtg9oEbVN0s+FYD71OJnbjEzTg420z7mRNpCPadiOCki0AeCqZANnJg=="
    }
  }
}
